
Microsoft Visual Studio Solution File, Format Version 11.00
# Visual Studio 2010
Project("{FAE04EC0-301F-11D3-BF4B-00C04F79EFBC}") = "Flatulina", "Flatulina\Flatulina.csproj", "{B8B38142-48A6-4758-AAA7-A947E9C30649}"
EndProject
Project("{FAE04EC0-301F-11D3-BF4B-00C04F79EFBC}") = "Flatulina_Game", "Flatulina_Game\Flatulina_Game\Flatulina_Game.csproj", "{6B00B44D-DC6C-445F-871C-C10AD3C1CDC7}"
EndProject
Project("{FAE04EC0-301F-11D3-BF4B-00C04F79EFBC}") = "FlatulinaContent", "Flatulina_Game\FlatulinaContent\FlatulinaContent.contentproj", "{24E9259E-E890-42D6-8564-C5A9D06263F1}"
EndProject
Global
	GlobalSection(SolutionConfigurationPlatforms) = preSolution
		Android|Any CPU = Android|Any CPU
		Android|Mixed Platforms = Android|Mixed Platforms
		Android|x86 = Android|x86
		Debug|Any CPU = Debug|Any CPU
		Debug|Mixed Platforms = Debug|Mixed Platforms
		Debug|x86 = Debug|x86
		iOS|Any CPU = iOS|Any CPU
		iOS|Mixed Platforms = iOS|Mixed Platforms
		iOS|x86 = iOS|x86
		Linux|Any CPU = Linux|Any CPU
		Linux|Mixed Platforms = Linux|Mixed Platforms
		Linux|x86 = Linux|x86
		OSX|Any CPU = OSX|Any CPU
		OSX|Mixed Platforms = OSX|Mixed Platforms
		OSX|x86 = OSX|x86
		PSM|Any CPU = PSM|Any CPU
		PSM|Mixed Platforms = PSM|Mixed Platforms
		PSM|x86 = PSM|x86
		Release|Any CPU = Release|Any CPU
		Release|Mixed Platforms = Release|Mixed Platforms
		Release|x86 = Release|x86
		Windows|Any CPU = Windows|Any CPU
		Windows|Mixed Platforms = Windows|Mixed Platforms
		Windows|x86 = Windows|x86
		Windows8|Any CPU = Windows8|Any CPU
		Windows8|Mixed Platforms = Windows8|Mixed Platforms
		Windows8|x86 = Windows8|x86
	EndGlobalSection
	GlobalSection(ProjectConfigurationPlatforms) = postSolution
		{B8B38142-48A6-4758-AAA7-A947E9C30649}.Android|Any CPU.ActiveCfg = Release|x86
		{B8B38142-48A6-4758-AAA7-A947E9C30649}.Android|Mixed Platforms.ActiveCfg = Release|x86
		{B8B38142-48A6-4758-AAA7-A947E9C30649}.Android|Mixed Platforms.Build.0 = Release|x86
		{B8B38142-48A6-4758-AAA7-A947E9C30649}.Android|x86.ActiveCfg = Release|x86
		{B8B38142-48A6-4758-AAA7-A947E9C30649}.Android|x86.Build.0 = Release|x86
		{B8B38142-48A6-4758-AAA7-A947E9C30649}.Debug|Any CPU.ActiveCfg = Debug|x86
		{B8B38142-48A6-4758-AAA7-A947E9C30649}.Debug|Mixed Platforms.ActiveCfg = Debug|x86
		{B8B38142-48A6-4758-AAA7-A947E9C30649}.Debug|Mixed Platforms.Build.0 = Debug|x86
		{B8B38142-48A6-4758-AAA7-A947E9C30649}.Debug|x86.ActiveCfg = Debug|x86
		{B8B38142-48A6-4758-AAA7-A947E9C30649}.Debug|x86.Build.0 = Debug|x86
		{B8B38142-48A6-4758-AAA7-A947E9C30649}.iOS|Any CPU.ActiveCfg = Release|x86
		{B8B38142-48A6-4758-AAA7-A947E9C30649}.iOS|Mixed Platforms.ActiveCfg = Release|x86
		{B8B38142-48A6-4758-AAA7-A947E9C30649}.iOS|Mixed Platforms.Build.0 = Release|x86
		{B8B38142-48A6-4758-AAA7-A947E9C30649}.iOS|x86.ActiveCfg = Release|x86
		{B8B38142-48A6-4758-AAA7-A947E9C30649}.iOS|x86.Build.0 = Release|x86
		{B8B38142-48A6-4758-AAA7-A947E9C30649}.Linux|Any CPU.ActiveCfg = Release|x86
		{B8B38142-48A6-4758-AAA7-A947E9C30649}.Linux|Mixed Platforms.ActiveCfg = Release|x86
		{B8B38142-48A6-4758-AAA7-A947E9C30649}.Linux|Mixed Platforms.Build.0 = Release|x86
		{B8B38142-48A6-4758-AAA7-A947E9C30649}.Linux|x86.ActiveCfg = Release|x86
		{B8B38142-48A6-4758-AAA7-A947E9C30649}.Linux|x86.Build.0 = Release|x86
		{B8B38142-48A6-4758-AAA7-A947E9C30649}.OSX|Any CPU.ActiveCfg = Release|x86
		{B8B38142-48A6-4758-AAA7-A947E9C30649}.OSX|Mixed Platforms.ActiveCfg = Release|x86
		{B8B38142-48A6-4758-AAA7-A947E9C30649}.OSX|Mixed Platforms.Build.0 = Release|x86
		{B8B38142-48A6-4758-AAA7-A947E9C30649}.OSX|x86.ActiveCfg = Release|x86
		{B8B38142-48A6-4758-AAA7-A947E9C30649}.OSX|x86.Build.0 = Release|x86
		{B8B38142-48A6-4758-AAA7-A947E9C30649}.PSM|Any CPU.ActiveCfg = Release|x86
		{B8B38142-48A6-4758-AAA7-A947E9C30649}.PSM|Mixed Platforms.ActiveCfg = Release|x86
		{B8B38142-48A6-4758-AAA7-A947E9C30649}.PSM|Mixed Platforms.Build.0 = Release|x86
		{B8B38142-48A6-4758-AAA7-A947E9C30649}.PSM|x86.ActiveCfg = Release|x86
		{B8B38142-48A6-4758-AAA7-A947E9C30649}.PSM|x86.Build.0 = Release|x86
		{B8B38142-48A6-4758-AAA7-A947E9C30649}.Release|Any CPU.ActiveCfg = Release|x86
		{B8B38142-48A6-4758-AAA7-A947E9C30649}.Release|Mixed Platforms.ActiveCfg = Release|x86
		{B8B38142-48A6-4758-AAA7-A947E9C30649}.Release|Mixed Platforms.Build.0 = Release|x86
		{B8B38142-48A6-4758-AAA7-A947E9C30649}.Release|x86.ActiveCfg = Release|x86
		{B8B38142-48A6-4758-AAA7-A947E9C30649}.Release|x86.Build.0 = Release|x86
		{B8B38142-48A6-4758-AAA7-A947E9C30649}.Windows|Any CPU.ActiveCfg = Release|x86
		{B8B38142-48A6-4758-AAA7-A947E9C30649}.Windows|Mixed Platforms.ActiveCfg = Release|x86
		{B8B38142-48A6-4758-AAA7-A947E9C30649}.Windows|Mixed Platforms.Build.0 = Release|x86
		{B8B38142-48A6-4758-AAA7-A947E9C30649}.Windows|x86.ActiveCfg = Release|x86
		{B8B38142-48A6-4758-AAA7-A947E9C30649}.Windows|x86.Build.0 = Release|x86
		{B8B38142-48A6-4758-AAA7-A947E9C30649}.Windows8|Any CPU.ActiveCfg = Release|x86
		{B8B38142-48A6-4758-AAA7-A947E9C30649}.Windows8|Mixed Platforms.ActiveCfg = Release|x86
		{B8B38142-48A6-4758-AAA7-A947E9C30649}.Windows8|Mixed Platforms.Build.0 = Release|x86
		{B8B38142-48A6-4758-AAA7-A947E9C30649}.Windows8|x86.ActiveCfg = Release|x86
		{B8B38142-48A6-4758-AAA7-A947E9C30649}.Windows8|x86.Build.0 = Release|x86
		{6B00B44D-DC6C-445F-871C-C10AD3C1CDC7}.Android|Any CPU.ActiveCfg = Android|Any CPU
		{6B00B44D-DC6C-445F-871C-C10AD3C1CDC7}.Android|Any CPU.Build.0 = Android|Any CPU
		{6B00B44D-DC6C-445F-871C-C10AD3C1CDC7}.Android|Mixed Platforms.ActiveCfg = Android|Any CPU
		{6B00B44D-DC6C-445F-871C-C10AD3C1CDC7}.Android|Mixed Platforms.Build.0 = Android|Any CPU
		{6B00B44D-DC6C-445F-871C-C10AD3C1CDC7}.Android|x86.ActiveCfg = Android|Any CPU
		{6B00B44D-DC6C-445F-871C-C10AD3C1CDC7}.Debug|Any CPU.ActiveCfg = PSM|Any CPU
		{6B00B44D-DC6C-445F-871C-C10AD3C1CDC7}.Debug|Any CPU.Build.0 = PSM|Any CPU
		{6B00B44D-DC6C-445F-871C-C10AD3C1CDC7}.Debug|Mixed Platforms.ActiveCfg = PSM|Any CPU
		{6B00B44D-DC6C-445F-871C-C10AD3C1CDC7}.Debug|Mixed Platforms.Build.0 = PSM|Any CPU
		{6B00B44D-DC6C-445F-871C-C10AD3C1CDC7}.Debug|x86.ActiveCfg = PSM|Any CPU
		{6B00B44D-DC6C-445F-871C-C10AD3C1CDC7}.iOS|Any CPU.ActiveCfg = iOS|Any CPU
		{6B00B44D-DC6C-445F-871C-C10AD3C1CDC7}.iOS|Any CPU.Build.0 = iOS|Any CPU
		{6B00B44D-DC6C-445F-871C-C10AD3C1CDC7}.iOS|Mixed Platforms.ActiveCfg = iOS|Any CPU
		{6B00B44D-DC6C-445F-871C-C10AD3C1CDC7}.iOS|Mixed Platforms.Build.0 = iOS|Any CPU
		{6B00B44D-DC6C-445F-871C-C10AD3C1CDC7}.iOS|x86.ActiveCfg = iOS|Any CPU
		{6B00B44D-DC6C-445F-871C-C10AD3C1CDC7}.Linux|Any CPU.ActiveCfg = Linux|Any CPU
		{6B00B44D-DC6C-445F-871C-C10AD3C1CDC7}.Linux|Any CPU.Build.0 = Linux|Any CPU
		{6B00B44D-DC6C-445F-871C-C10AD3C1CDC7}.Linux|Mixed Platforms.ActiveCfg = Linux|Any CPU
		{6B00B44D-DC6C-445F-871C-C10AD3C1CDC7}.Linux|Mixed Platforms.Build.0 = Linux|Any CPU
		{6B00B44D-DC6C-445F-871C-C10AD3C1CDC7}.Linux|x86.ActiveCfg = Linux|Any CPU
		{6B00B44D-DC6C-445F-871C-C10AD3C1CDC7}.OSX|Any CPU.ActiveCfg = OSX|Any CPU
		{6B00B44D-DC6C-445F-871C-C10AD3C1CDC7}.OSX|Any CPU.Build.0 = OSX|Any CPU
		{6B00B44D-DC6C-445F-871C-C10AD3C1CDC7}.OSX|Mixed Platforms.ActiveCfg = OSX|Any CPU
		{6B00B44D-DC6C-445F-871C-C10AD3C1CDC7}.OSX|Mixed Platforms.Build.0 = OSX|Any CPU
		{6B00B44D-DC6C-445F-871C-C10AD3C1CDC7}.OSX|x86.ActiveCfg = OSX|Any CPU
		{6B00B44D-DC6C-445F-871C-C10AD3C1CDC7}.PSM|Any CPU.ActiveCfg = PSM|Any CPU
		{6B00B44D-DC6C-445F-871C-C10AD3C1CDC7}.PSM|Any CPU.Build.0 = PSM|Any CPU
		{6B00B44D-DC6C-445F-871C-C10AD3C1CDC7}.PSM|Mixed Platforms.ActiveCfg = PSM|Any CPU
		{6B00B44D-DC6C-445F-871C-C10AD3C1CDC7}.PSM|Mixed Platforms.Build.0 = PSM|Any CPU
		{6B00B44D-DC6C-445F-871C-C10AD3C1CDC7}.PSM|x86.ActiveCfg = PSM|Any CPU
		{6B00B44D-DC6C-445F-871C-C10AD3C1CDC7}.Release|Any CPU.ActiveCfg = PSM|Any CPU
		{6B00B44D-DC6C-445F-871C-C10AD3C1CDC7}.Release|Any CPU.Build.0 = PSM|Any CPU
		{6B00B44D-DC6C-445F-871C-C10AD3C1CDC7}.Release|Mixed Platforms.ActiveCfg = PSM|Any CPU
		{6B00B44D-DC6C-445F-871C-C10AD3C1CDC7}.Release|Mixed Platforms.Build.0 = PSM|Any CPU
		{6B00B44D-DC6C-445F-871C-C10AD3C1CDC7}.Release|x86.ActiveCfg = PSM|Any CPU
		{6B00B44D-DC6C-445F-871C-C10AD3C1CDC7}.Windows|Any CPU.ActiveCfg = Windows|Any CPU
		{6B00B44D-DC6C-445F-871C-C10AD3C1CDC7}.Windows|Any CPU.Build.0 = Windows|Any CPU
		{6B00B44D-DC6C-445F-871C-C10AD3C1CDC7}.Windows|Mixed Platforms.ActiveCfg = Windows|Any CPU
		{6B00B44D-DC6C-445F-871C-C10AD3C1CDC7}.Windows|Mixed Platforms.Build.0 = Windows|Any CPU
		{6B00B44D-DC6C-445F-871C-C10AD3C1CDC7}.Windows|x86.ActiveCfg = Windows|Any CPU
		{6B00B44D-DC6C-445F-871C-C10AD3C1CDC7}.Windows8|Any CPU.ActiveCfg = Windows8|Any CPU
		{6B00B44D-DC6C-445F-871C-C10AD3C1CDC7}.Windows8|Any CPU.Build.0 = Windows8|Any CPU
		{6B00B44D-DC6C-445F-871C-C10AD3C1CDC7}.Windows8|Mixed Platforms.ActiveCfg = Windows8|Any CPU
		{6B00B44D-DC6C-445F-871C-C10AD3C1CDC7}.Windows8|Mixed Platforms.Build.0 = Windows8|Any CPU
		{6B00B44D-DC6C-445F-871C-C10AD3C1CDC7}.Windows8|x86.ActiveCfg = Windows8|Any CPU
		{24E9259E-E890-42D6-8564-C5A9D06263F1}.Android|Any CPU.ActiveCfg = Android|Any CPU
		{24E9259E-E890-42D6-8564-C5A9D06263F1}.Android|Mixed Platforms.ActiveCfg = Android|Any CPU
		{24E9259E-E890-42D6-8564-C5A9D06263F1}.Android|x86.ActiveCfg = Android|Any CPU
		{24E9259E-E890-42D6-8564-C5A9D06263F1}.Debug|Any CPU.ActiveCfg = PSM|Any CPU
		{24E9259E-E890-42D6-8564-C5A9D06263F1}.Debug|Mixed Platforms.ActiveCfg = PSM|Any CPU
		{24E9259E-E890-42D6-8564-C5A9D06263F1}.Debug|x86.ActiveCfg = PSM|Any CPU
		{24E9259E-E890-42D6-8564-C5A9D06263F1}.iOS|Any CPU.ActiveCfg = iOS|Any CPU
		{24E9259E-E890-42D6-8564-C5A9D06263F1}.iOS|Mixed Platforms.ActiveCfg = iOS|Any CPU
		{24E9259E-E890-42D6-8564-C5A9D06263F1}.iOS|x86.ActiveCfg = iOS|Any CPU
		{24E9259E-E890-42D6-8564-C5A9D06263F1}.Linux|Any CPU.ActiveCfg = Linux|Any CPU
		{24E9259E-E890-42D6-8564-C5A9D06263F1}.Linux|Mixed Platforms.ActiveCfg = Linux|Any CPU
		{24E9259E-E890-42D6-8564-C5A9D06263F1}.Linux|x86.ActiveCfg = Linux|Any CPU
		{24E9259E-E890-42D6-8564-C5A9D06263F1}.OSX|Any CPU.ActiveCfg = OSX|Any CPU
		{24E9259E-E890-42D6-8564-C5A9D06263F1}.OSX|Mixed Platforms.ActiveCfg = OSX|Any CPU
		{24E9259E-E890-42D6-8564-C5A9D06263F1}.OSX|x86.ActiveCfg = OSX|Any CPU
		{24E9259E-E890-42D6-8564-C5A9D06263F1}.PSM|Any CPU.ActiveCfg = PSM|Any CPU
		{24E9259E-E890-42D6-8564-C5A9D06263F1}.PSM|Mixed Platforms.ActiveCfg = PSM|Any CPU
		{24E9259E-E890-42D6-8564-C5A9D06263F1}.PSM|x86.ActiveCfg = PSM|Any CPU
		{24E9259E-E890-42D6-8564-C5A9D06263F1}.Release|Any CPU.ActiveCfg = PSM|Any CPU
		{24E9259E-E890-42D6-8564-C5A9D06263F1}.Release|Mixed Platforms.ActiveCfg = PSM|Any CPU
		{24E9259E-E890-42D6-8564-C5A9D06263F1}.Release|x86.ActiveCfg = PSM|Any CPU
		{24E9259E-E890-42D6-8564-C5A9D06263F1}.Windows|Any CPU.ActiveCfg = Windows|Any CPU
		{24E9259E-E890-42D6-8564-C5A9D06263F1}.Windows|Mixed Platforms.ActiveCfg = Windows|Any CPU
		{24E9259E-E890-42D6-8564-C5A9D06263F1}.Windows|x86.ActiveCfg = Windows|Any CPU
		{24E9259E-E890-42D6-8564-C5A9D06263F1}.Windows8|Any CPU.ActiveCfg = Windows8|Any CPU
		{24E9259E-E890-42D6-8564-C5A9D06263F1}.Windows8|Mixed Platforms.ActiveCfg = Windows8|Any CPU
		{24E9259E-E890-42D6-8564-C5A9D06263F1}.Windows8|x86.ActiveCfg = Windows8|Any CPU
	EndGlobalSection
	GlobalSection(SolutionProperties) = preSolution
		HideSolutionNode = FALSE
	EndGlobalSection
EndGlobal
